
Microsoft Visual Studio Solution File, Format Version 12.00
# Visual Studio Version 17
VisualStudioVersion = 17.3.32929.385
MinimumVisualStudioVersion = 10.0.40219.1
Project("{FAE04EC0-301F-11D3-BF4B-00C04F79EFBC}") = "cosmo", "cosmo\cosmo.csproj", "{656974D7-3E1C-4F50-BFE0-3B2D8AF99340}"
EndProject
Project("{2150E333-8FDC-42A3-9474-1A3956D46DE8}") = "Элементы решения", "Элементы решения", "{8FFEE7A4-260F-4FFD-B6E3-0E67E94058D5}"
EndProject
Global
	GlobalSection(SolutionConfigurationPlatforms) = preSolution
		Debug|Any CPU = Debug|Any CPU
		Release|Any CPU = Release|Any CPU
	EndGlobalSection
	GlobalSection(ProjectConfigurationPlatforms) = postSolution
		{656974D7-3E1C-4F50-BFE0-3B2D8AF99340}.Debug|Any CPU.ActiveCfg = Debug|Any CPU
		{656974D7-3E1C-4F50-BFE0-3B2D8AF99340}.Debug|Any CPU.Build.0 = Debug|Any CPU
		{656974D7-3E1C-4F50-BFE0-3B2D8AF99340}.Release|Any CPU.ActiveCfg = Release|Any CPU
		{656974D7-3E1C-4F50-BFE0-3B2D8AF99340}.Release|Any CPU.Build.0 = Release|Any CPU
	EndGlobalSection
	GlobalSection(SolutionProperties) = preSolution
		HideSolutionNode = FALSE
	EndGlobalSection
	GlobalSection(ExtensibilityGlobals) = postSolution
		SolutionGuid = {40D4AA7F-9374-4F71-AA83-A3D196B575A1}
	EndGlobalSection
EndGlobal
